
Microsoft Visual Studio Solution File, Format Version 12.00
# Visual Studio Version 17
VisualStudioVersion = 17.2.32602.215
MinimumVisualStudioVersion = 10.0.40219.1
Project("{9A19103F-16F7-4668-BE54-9A1E7A4F7556}") = "LibraryApp", "LibraryApp\LibraryApp.csproj", "{1DAE7643-E71D-495D-8C76-DCBD4842ADAE}"
EndProject
Project("{9A19103F-16F7-4668-BE54-9A1E7A4F7556}") = "LibraryApp.DAL", "LibraryApp.DAL\LibraryApp.DAL.csproj", "{E10C693A-D2E3-4DB9-ADC0-D36FF2A3EC05}"
EndProject
Project("{FAE04EC0-301F-11D3-BF4B-00C04F79EFBC}") = "Library.Services", "Library.Services\Library.Services.csproj", "{906937AE-D926-45D9-AB23-577870D47E10}"
EndProject
Global
	GlobalSection(SolutionConfigurationPlatforms) = preSolution
		Debug|Any CPU = Debug|Any CPU
		Release|Any CPU = Release|Any CPU
	EndGlobalSection
	GlobalSection(ProjectConfigurationPlatforms) = postSolution
		{1DAE7643-E71D-495D-8C76-DCBD4842ADAE}.Debug|Any CPU.ActiveCfg = Debug|Any CPU
		{1DAE7643-E71D-495D-8C76-DCBD4842ADAE}.Debug|Any CPU.Build.0 = Debug|Any CPU
		{1DAE7643-E71D-495D-8C76-DCBD4842ADAE}.Release|Any CPU.ActiveCfg = Release|Any CPU
		{1DAE7643-E71D-495D-8C76-DCBD4842ADAE}.Release|Any CPU.Build.0 = Release|Any CPU
		{E10C693A-D2E3-4DB9-ADC0-D36FF2A3EC05}.Debug|Any CPU.ActiveCfg = Debug|Any CPU
		{E10C693A-D2E3-4DB9-ADC0-D36FF2A3EC05}.Debug|Any CPU.Build.0 = Debug|Any CPU
		{E10C693A-D2E3-4DB9-ADC0-D36FF2A3EC05}.Release|Any CPU.ActiveCfg = Release|Any CPU
		{E10C693A-D2E3-4DB9-ADC0-D36FF2A3EC05}.Release|Any CPU.Build.0 = Release|Any CPU
		{906937AE-D926-45D9-AB23-577870D47E10}.Debug|Any CPU.ActiveCfg = Debug|Any CPU
		{906937AE-D926-45D9-AB23-577870D47E10}.Debug|Any CPU.Build.0 = Debug|Any CPU
		{906937AE-D926-45D9-AB23-577870D47E10}.Release|Any CPU.ActiveCfg = Release|Any CPU
		{906937AE-D926-45D9-AB23-577870D47E10}.Release|Any CPU.Build.0 = Release|Any CPU
	EndGlobalSection
	GlobalSection(SolutionProperties) = preSolution
		HideSolutionNode = FALSE
	EndGlobalSection
	GlobalSection(ExtensibilityGlobals) = postSolution
		SolutionGuid = {A147A757-813E-4BB8-AD88-579C0E96DACE}
	EndGlobalSection
EndGlobal
